
Microsoft Visual Studio Solution File, Format Version 12.00
# Visual Studio Version 16
VisualStudioVersion = 16.0.30104.148
MinimumVisualStudioVersion = 10.0.40219.1
Project("{FAE04EC0-301F-11D3-BF4B-00C04F79EFBC}") = "netCoreWebTest", "netCoreWebTest\netCoreWebTest.csproj", "{BE0EB359-EF15-491A-80BC-F9D4F362CDAB}"
EndProject
Global
	GlobalSection(SolutionConfigurationPlatforms) = preSolution
		Debug|Any CPU = Debug|Any CPU
		Release|Any CPU = Release|Any CPU
	EndGlobalSection
	GlobalSection(ProjectConfigurationPlatforms) = postSolution
		{BE0EB359-EF15-491A-80BC-F9D4F362CDAB}.Debug|Any CPU.ActiveCfg = Debug|Any CPU
		{BE0EB359-EF15-491A-80BC-F9D4F362CDAB}.Debug|Any CPU.Build.0 = Debug|Any CPU
		{BE0EB359-EF15-491A-80BC-F9D4F362CDAB}.Release|Any CPU.ActiveCfg = Release|Any CPU
		{BE0EB359-EF15-491A-80BC-F9D4F362CDAB}.Release|Any CPU.Build.0 = Release|Any CPU
	EndGlobalSection
	GlobalSection(SolutionProperties) = preSolution
		HideSolutionNode = FALSE
	EndGlobalSection
	GlobalSection(ExtensibilityGlobals) = postSolution
		SolutionGuid = {9E7FB26A-6A0F-48A2-9DAA-5BE18F2C01E6}
	EndGlobalSection
EndGlobal
